
Microsoft Visual Studio Solution File, Format Version 12.00
# Visual Studio 2013
VisualStudioVersion = 12.0.31101.0
MinimumVisualStudioVersion = 10.0.40219.1
Project("{FAE04EC0-301F-11D3-BF4B-00C04F79EFBC}") = "UIHarness", "UIHarness\UIHarness.csproj", "{1BE80B45-28DE-4E52-BB22-04ABEAC3C291}"
EndProject
Project("{FAE04EC0-301F-11D3-BF4B-00C04F79EFBC}") = "Method1", "Method1\Method1.csproj", "{178C1CEA-7312-4936-901F-3E5193E1C6A9}"
EndProject
Global
	GlobalSection(SolutionConfigurationPlatforms) = preSolution
		Debug|Any CPU = Debug|Any CPU
		Release|Any CPU = Release|Any CPU
	EndGlobalSection
	GlobalSection(ProjectConfigurationPlatforms) = postSolution
		{1BE80B45-28DE-4E52-BB22-04ABEAC3C291}.Debug|Any CPU.ActiveCfg = Debug|Any CPU
		{1BE80B45-28DE-4E52-BB22-04ABEAC3C291}.Debug|Any CPU.Build.0 = Debug|Any CPU
		{1BE80B45-28DE-4E52-BB22-04ABEAC3C291}.Release|Any CPU.ActiveCfg = Release|Any CPU
		{1BE80B45-28DE-4E52-BB22-04ABEAC3C291}.Release|Any CPU.Build.0 = Release|Any CPU
		{178C1CEA-7312-4936-901F-3E5193E1C6A9}.Debug|Any CPU.ActiveCfg = Debug|Any CPU
		{178C1CEA-7312-4936-901F-3E5193E1C6A9}.Debug|Any CPU.Build.0 = Debug|Any CPU
		{178C1CEA-7312-4936-901F-3E5193E1C6A9}.Release|Any CPU.ActiveCfg = Release|Any CPU
		{178C1CEA-7312-4936-901F-3E5193E1C6A9}.Release|Any CPU.Build.0 = Release|Any CPU
	EndGlobalSection
	GlobalSection(SolutionProperties) = preSolution
		HideSolutionNode = FALSE
	EndGlobalSection
EndGlobal
